
Microsoft Visual Studio Solution File, Format Version 12.00
# Visual Studio 15
VisualStudioVersion = 15.0.27130.2020
MinimumVisualStudioVersion = 10.0.40219.1
Project("{FAE04EC0-301F-11D3-BF4B-00C04F79EFBC}") = "DutchArtistsMasterpieces", "DutchArtistsMasterpieces\DutchArtistsMasterpieces.csproj", "{92EB1B58-A0EF-4A33-B353-B868FED7BABD}"
EndProject
Global
	GlobalSection(SolutionConfigurationPlatforms) = preSolution
		Debug|Any CPU = Debug|Any CPU
		Release|Any CPU = Release|Any CPU
	EndGlobalSection
	GlobalSection(ProjectConfigurationPlatforms) = postSolution
		{92EB1B58-A0EF-4A33-B353-B868FED7BABD}.Debug|Any CPU.ActiveCfg = Debug|Any CPU
		{92EB1B58-A0EF-4A33-B353-B868FED7BABD}.Debug|Any CPU.Build.0 = Debug|Any CPU
		{92EB1B58-A0EF-4A33-B353-B868FED7BABD}.Release|Any CPU.ActiveCfg = Release|Any CPU
		{92EB1B58-A0EF-4A33-B353-B868FED7BABD}.Release|Any CPU.Build.0 = Release|Any CPU
	EndGlobalSection
	GlobalSection(SolutionProperties) = preSolution
		HideSolutionNode = FALSE
	EndGlobalSection
	GlobalSection(ExtensibilityGlobals) = postSolution
		SolutionGuid = {6A76B849-25BD-4B1A-A51C-4DE313718187}
	EndGlobalSection
EndGlobal
